
Microsoft Visual Studio Solution File, Format Version 12.00
# Visual Studio Version 16
VisualStudioVersion = 16.0.31605.320
MinimumVisualStudioVersion = 10.0.40219.1
Project("{FAE04EC0-301F-11D3-BF4B-00C04F79EFBC}") = "LaboratorioI", "LaboratorioI\LaboratorioI.csproj", "{22BAB543-5267-430A-8991-7EEB1DEE00F6}"
EndProject
Global
	GlobalSection(SolutionConfigurationPlatforms) = preSolution
		Debug|Any CPU = Debug|Any CPU
		Release|Any CPU = Release|Any CPU
	EndGlobalSection
	GlobalSection(ProjectConfigurationPlatforms) = postSolution
		{22BAB543-5267-430A-8991-7EEB1DEE00F6}.Debug|Any CPU.ActiveCfg = Debug|Any CPU
		{22BAB543-5267-430A-8991-7EEB1DEE00F6}.Debug|Any CPU.Build.0 = Debug|Any CPU
		{22BAB543-5267-430A-8991-7EEB1DEE00F6}.Release|Any CPU.ActiveCfg = Release|Any CPU
		{22BAB543-5267-430A-8991-7EEB1DEE00F6}.Release|Any CPU.Build.0 = Release|Any CPU
	EndGlobalSection
	GlobalSection(SolutionProperties) = preSolution
		HideSolutionNode = FALSE
	EndGlobalSection
	GlobalSection(ExtensibilityGlobals) = postSolution
		SolutionGuid = {D5F1F44A-342E-497D-9C6D-41B5750145D7}
	EndGlobalSection
EndGlobal
